{
  "nodes": {
    "flakeNimbleLib": {
      "inputs": {
        "nixpkgs": [
          "nixpkgs"
        ]
      },
      "locked": {
        "lastModified": 1662018438,
        "narHash": "sha256-QtNtU6+LX3Wokxf0zlFwKTFOcn6TeDjKQZ+DA9OYtvM=",
        "owner": "riinr",
        "repo": "nim-flakes-lib",
        "rev": "b1fe8340736e3a85d25c709ac3dfd82a55c03cbf",
        "type": "github"
      },
      "original": {
        "owner": "riinr",
        "ref": "master",
        "repo": "nim-flakes-lib",
        "type": "github"
      }
    },
    "nixpkgs": {
      "locked": {
        "lastModified": 1667110639,
        "narHash": "sha256-4FbPESZ5LbqQxkJJJBAfk/zKgF9h/4kyUwjjpJwYlbc=",
        "owner": "NixOS",
        "repo": "nixpkgs",
        "rev": "f38a1f04d1bec1feb61fd101a0539ae2002a7087",
        "type": "github"
      },
      "original": {
        "id": "nixpkgs",
        "type": "indirect"
      }
    },
    "njo-main": {
      "inputs": {
        "flakeNimbleLib": [
          "flakeNimbleLib"
        ],
        "nixpkgs": [
          "nixpkgs"
        ],
        "src-njo-main": "src-njo-main"
      },
      "locked": {
        "dir": "main",
        "lastModified": 1662254693,
        "narHash": "sha256-B8JxXp9tMFU0A4IDjPbkQDM2/1frEpBB2S3m+u5sOEU=",
        "owner": "nim-nix-pkgs",
        "repo": "njo",
        "rev": "8f45b2a52e421943aa9f01fda8d312e7d9639be0",
        "type": "github"
      },
      "original": {
        "dir": "main",
        "owner": "nim-nix-pkgs",
        "ref": "master",
        "repo": "njo",
        "type": "github"
      }
    },
    "root": {
      "inputs": {
        "flakeNimbleLib": "flakeNimbleLib",
        "nixpkgs": "nixpkgs",
        "njo-main": "njo-main"
      }
    },
    "src-njo-main": {
      "flake": false,
      "locked": {
        "lastModified": 1658255743,
        "narHash": "sha256-0SkODajC8Mh98CPTbxy+hXSb85f+RBDnm8j1ap/W1yA=",
        "owner": "uga-rosa",
        "repo": "njo",
        "rev": "3ccbdf8e5774d4cde82522e2bf8025552c3c15b5",
        "type": "github"
      },
      "original": {
        "owner": "uga-rosa",
        "ref": "refs/heads/main",
        "repo": "njo",
        "type": "github"
      }
    }
  },
  "root": "root",
  "version": 7
}
