{
  "nodes": {
    "flakeNimbleLib": {
      "inputs": {
        "nixpkgs": [
          "nixpkgs"
        ]
      },
      "locked": {
        "lastModified": 1662018438,
        "narHash": "sha256-QtNtU6+LX3Wokxf0zlFwKTFOcn6TeDjKQZ+DA9OYtvM=",
        "owner": "riinr",
        "repo": "nim-flakes-lib",
        "rev": "b1fe8340736e3a85d25c709ac3dfd82a55c03cbf",
        "type": "github"
      },
      "original": {
        "owner": "riinr",
        "ref": "master",
        "repo": "nim-flakes-lib",
        "type": "github"
      }
    },
    "nixpkgs": {
      "locked": {
        "lastModified": 1667085676,
        "narHash": "sha256-jPHYYoSdrV3ypWG4oi9SUeI2MU6dLjxM88+9io5Rrx0=",
        "owner": "NixOS",
        "repo": "nixpkgs",
        "rev": "e6e6bad81b7e11f37d893ef39712ce8918ae2338",
        "type": "github"
      },
      "original": {
        "id": "nixpkgs",
        "type": "indirect"
      }
    },
    "root": {
      "inputs": {
        "flakeNimbleLib": "flakeNimbleLib",
        "nixpkgs": "nixpkgs",
        "src-njo-main": "src-njo-main"
      }
    },
    "src-njo-main": {
      "flake": false,
      "locked": {
        "lastModified": 1658255743,
        "narHash": "sha256-0SkODajC8Mh98CPTbxy+hXSb85f+RBDnm8j1ap/W1yA=",
        "owner": "uga-rosa",
        "repo": "njo",
        "rev": "3ccbdf8e5774d4cde82522e2bf8025552c3c15b5",
        "type": "github"
      },
      "original": {
        "owner": "uga-rosa",
        "ref": "refs/heads/main",
        "repo": "njo",
        "type": "github"
      }
    }
  },
  "root": "root",
  "version": 7
}
